
Microsoft Visual Studio Solution File, Format Version 12.00
# Visual Studio 2012
Project("{FAE04EC0-301F-11D3-BF4B-00C04F79EFBC}") = "GeekSimpleLogin", "GeekSimpleLogin\GeekSimpleLogin.csproj", "{1AA9ACD1-9677-4495-AEA8-056F09E0D7AF}"
EndProject
Global
	GlobalSection(SolutionConfigurationPlatforms) = preSolution
		Debug|Any CPU = Debug|Any CPU
		Release|Any CPU = Release|Any CPU
	EndGlobalSection
	GlobalSection(ProjectConfigurationPlatforms) = postSolution
		{1AA9ACD1-9677-4495-AEA8-056F09E0D7AF}.Debug|Any CPU.ActiveCfg = Debug|Any CPU
		{1AA9ACD1-9677-4495-AEA8-056F09E0D7AF}.Debug|Any CPU.Build.0 = Debug|Any CPU
		{1AA9ACD1-9677-4495-AEA8-056F09E0D7AF}.Release|Any CPU.ActiveCfg = Release|Any CPU
		{1AA9ACD1-9677-4495-AEA8-056F09E0D7AF}.Release|Any CPU.Build.0 = Release|Any CPU
	EndGlobalSection
	GlobalSection(SolutionProperties) = preSolution
		HideSolutionNode = FALSE
	EndGlobalSection
EndGlobal
